version = 1
revision = 3
requires-python = "==3.11.*"

[[package]]
name = "annotated-types"
version = "0.7.0"
source = { registry = "https://pypi.org/simple" }
sdist = { url = "https://files.pythonhosted.org/packages/ee/67/531ea369ba64dcff5ec9c3402f9f51bf748cec26dde048a2f973a4eea7f5/annotated_types-0.7.0.tar.gz", hash = "sha256:aff07c09a53a08bc8cfccb9c85b05f1aa9a2a6f23728d790723543408344ce89", size = 16081, upload-time = "2024-05-20T21:33:25.928Z" }
wheels = [
    { url = "https://files.pythonhosted.org/packages/78/b6/6307fbef88d9b5ee7421e68d78a9f162e0da4900bc5f5793f6d3d0e34fb8/annotated_types-0.7.0-py3-none-any.whl", hash = "sha256:1f02e8b43a8fbbc3f3e0d4f0f4bfc8131bcb4eebe8849b8e5c773f3a1c582a53", size = 13643, upload-time = "2024-05-20T21:33:24.1Z" },
]

[[package]]
name = "anthropic"
version = "0.96.0"
source = { registry = "https://pypi.org/simple" }
dependencies = [
    { name = "anyio" },
    { name = "distro" },
    { name = "docstring-parser" },
    { name = "httpx" },
    { name = "jiter" },
    { name = "pydantic" },
    { name = "sniffio" },
    { name = "typing-extensions" },
]
sdist = { url = "https://files.pythonhosted.org/packages/b9/7e/672f533dee813028d2c699bfd2a7f52c9118d7353680d9aa44b9e23f717f/anthropic-0.96.0.tar.gz", hash = "sha256:9de947b737f39452f68aa520f1c2239d44119c9b73b0fb6d4e6ca80f00279ee6", size = 658210, upload-time = "2026-04-16T14:28:02.846Z" }
wheels = [
    { url = "https://files.pythonhosted.org/packages/48/5a/72f33204064b6e87601a71a6baf8d855769f8a0c1eaae8d06a1094872371/anthropic-0.96.0-py3-none-any.whl", hash = "sha256:9a6e335a354602a521cd9e777e92bfd46ba6e115bf9bbfe6135311e8fb2015b2", size = 635930, upload-time = "2026-04-16T14:28:01.436Z" },
]

[[package]]
name = "anyio"
version = "4.13.0"
source = { registry = "https://pypi.org/simple" }
dependencies = [
    { name = "idna" },
    { name = "typing-extensions" },
]
sdist = { url = "https://files.pythonhosted.org/packages/19/14/2c5dd9f512b66549ae92767a9c7b330ae88e1932ca57876909410251fe13/anyio-4.13.0.tar.gz", hash = "sha256:334b70e641fd2221c1505b3890c69882fe4a2df910cba14d97019b90b24439dc", size = 231622, upload-time = "2026-03-24T12:59:09.671Z" }
wheels = [
    { url = "https://files.pythonhosted.org/packages/da/42/e921fccf5015463e32a3cf6ee7f980a6ed0f395ceeaa45060b61d86486c2/anyio-4.13.0-py3-none-any.whl", hash = "sha256:08b310f9e24a9594186fd75b4f73f4a4152069e3853f1ed8bfbf58369f4ad708", size = 114353, upload-time = "2026-03-24T12:59:08.246Z" },
]

[[package]]
name = "certifi"
version = "2026.4.22"
source = { registry = "https://pypi.org/simple" }
sdist = { url = "https://files.pythonhosted.org/packages/25/ee/6caf7a40c36a1220410afe15a1cc64993a1f864871f698c0f93acb72842a/certifi-2026.4.22.tar.gz", hash = "sha256:8d455352a37b71bf76a79caa83a3d6c25afee4a385d632127b6afb3963f1c580", size = 137077, upload-time = "2026-04-22T11:26:11.191Z" }
wheels = [
    { url = "https://files.pythonhosted.org/packages/22/30/7cd8fdcdfbc5b869528b079bfb76dcdf6056b1a2097a662e5e8c04f42965/certifi-2026.4.22-py3-none-any.whl", hash = "sha256:3cb2210c8f88ba2318d29b0388d1023c8492ff72ecdde4ebdaddbb13a31b1c4a", size = 135707, upload-time = "2026-04-22T11:26:09.372Z" },
]

[[package]]
name = "colorama"
version = "0.4.6"
source = { registry = "https://pypi.org/simple" }
sdist = { url = "https://files.pythonhosted.org/packages/d8/53/6f443c9a4a8358a93a6792e2acffb9d9d5cb0a5cfd8802644b7b1c9a02e4/colorama-0.4.6.tar.gz", hash = "sha256:08695f5cb7ed6e0531a20572697297273c47b8cae5a63ffc6d6ed5c201be6e44", size = 27697, upload-time = "2022-10-25T02:36:22.414Z" }
wheels = [
    { url = "https://files.pythonhosted.org/packages/d1/d6/3965ed04c63042e047cb6a3e6ed1a63a35087b6a609aa3a15ed8ac56c221/colorama-0.4.6-py2.py3-none-any.whl", hash = "sha256:4f1d9991f5acc0ca119f9d443620b77f9d6b33703e51011c16baf57afb285fc6", size = 25335, upload-time = "2022-10-25T02:36:20.889Z" },
]

[[package]]
name = "derive"
version = "0.1.0"
source = { editable = "." }
dependencies = [
    { name = "anthropic" },
    { name = "python-dotenv" },
]

[package.dev-dependencies]
dev = [
    { name = "mypy" },
    { name = "pytest" },
    { name = "pytest-asyncio" },
    { name = "ruff" },
]

[package.metadata]
requires-dist = [
    { name = "anthropic", specifier = ">=0.96.0" },
    { name = "python-dotenv", specifier = ">=1.2.2" },
]

[package.metadata.requires-dev]
dev = [
    { name = "mypy", specifier = ">=1.20.1" },
    { name = "pytest", specifier = ">=9.0.3" },
    { name = "pytest-asyncio", specifier = ">=1.3.0" },
    { name = "ruff", specifier = ">=0.15.11" },
]

[[package]]
name = "distro"
version = "1.9.0"
source = { registry = "https://pypi.org/simple" }
sdist = { url = "https://files.pythonhosted.org/packages/fc/f8/98eea607f65de6527f8a2e8885fc8015d3e6f5775df186e443e0964a11c3/distro-1.9.0.tar.gz", hash = "sha256:2fa77c6fd8940f116ee1d6b94a2f90b13b5ea8d019b98bc8bafdcabcdd9bdbed", size = 60722, upload-time = "2023-12-24T09:54:32.31Z" }
wheels = [
    { url = "https://files.pythonhosted.org/packages/12/b3/231ffd4ab1fc9d679809f356cebee130ac7daa00d6d6f3206dd4fd137e9e/distro-1.9.0-py3-none-any.whl", hash = "sha256:7bffd925d65168f85027d8da9af6bddab658135b840670a223589bc0c8ef02b2", size = 20277, upload-time = "2023-12-24T09:54:30.421Z" },
]

[[package]]
name = "docstring-parser"
version = "0.18.0"
source = { registry = "https://pypi.org/simple" }
sdist = { url = "https://files.pythonhosted.org/packages/e0/4d/f332313098c1de1b2d2ff91cf2674415cc7cddab2ca1b01ae29774bd5fdf/docstring_parser-0.18.0.tar.gz", hash = "sha256:292510982205c12b1248696f44959db3cdd1740237a968ea1e2e7a900eeb2015", size = 29341, upload-time = "2026-04-14T04:09:19.867Z" }
wheels = [
    { url = "https://files.pythonhosted.org/packages/a7/5f/ed01f9a3cdffbd5a008556fc7b2a08ddb1cc6ace7effa7340604b1d16699/docstring_parser-0.18.0-py3-none-any.whl", hash = "sha256:b3fcbed555c47d8479be0796ef7e19c2670d428d72e96da63f3a40122860374b", size = 22484, upload-time = "2026-04-14T04:09:18.638Z" },
]

[[package]]
name = "h11"
version = "0.16.0"
source = { registry = "https://pypi.org/simple" }
sdist = { url = "https://files.pythonhosted.org/packages/01/ee/02a2c011bdab74c6fb3c75474d40b3052059d95df7e73351460c8588d963/h11-0.16.0.tar.gz", hash = "sha256:4e35b956cf45792e4caa5885e69fba00bdbc6ffafbfa020300e549b208ee5ff1", size = 101250, upload-time = "2025-04-24T03:35:25.427Z" }
wheels = [
    { url = "https://files.pythonhosted.org/packages/04/4b/29cac41a4d98d144bf5f6d33995617b185d14b22401f75ca86f384e87ff1/h11-0.16.0-py3-none-any.whl", hash = "sha256:63cf8bbe7522de3bf65932fda1d9c2772064ffb3dae62d55932da54b31cb6c86", size = 37515, upload-time = "2025-04-24T03:35:24.344Z" },
]

[[package]]
name = "httpcore"
version = "1.0.9"
source = { registry = "https://pypi.org/simple" }
dependencies = [
    { name = "certifi" },
    { name = "h11" },
]
sdist = { url = "https://files.pythonhosted.org/packages/06/94/82699a10bca87a5556c9c59b5963f2d039dbd239f25bc2a63907a05a14cb/httpcore-1.0.9.tar.gz", hash = "sha256:6e34463af53fd2ab5d807f399a9b45ea31c3dfa2276f15a2c3f00afff6e176e8", size = 85484, upload-time = "2025-04-24T22:06:22.219Z" }
wheels = [
    { url = "https://files.pythonhosted.org/packages/7e/f5/f66802a942d491edb555dd61e3a9961140fd64c90bce1eafd741609d334d/httpcore-1.0.9-py3-none-any.whl", hash = "sha256:2d400746a40668fc9dec9810239072b40b4484b640a8c38fd654a024c7a1bf55", size = 78784, upload-time = "2025-04-24T22:06:20.566Z" },
]

[[package]]
name = "httpx"
version = "0.28.1"
source = { registry = "https://pypi.org/simple" }
dependencies = [
    { name = "anyio" },
    { name = "certifi" },
    { name = "httpcore" },
    { name = "idna" },
]
sdist = { url = "https://files.pythonhosted.org/packages/b1/df/48c586a5fe32a0f01324ee087459e112ebb7224f646c0b5023f5e79e9956/httpx-0.28.1.tar.gz", hash = "sha256:75e98c5f16b0f35b567856f597f06ff2270a374470a5c2392242528e3e3e42fc", size = 141406, upload-time = "2024-12-06T15:37:23.222Z" }
wheels = [
    { url = "https://files.pythonhosted.org/packages/2a/39/e50c7c3a983047577ee07d2a9e53faf5a69493943ec3f6a384bdc792deb2/httpx-0.28.1-py3-none-any.whl", hash = "sha256:d909fcccc110f8c7faf814ca82a9a4d816bc5a6dbfea25d6591d6985b8ba59ad", size = 73517, upload-time = "2024-12-06T15:37:21.509Z" },
]

[[package]]
name = "idna"
version = "3.12"
source = { registry = "https://pypi.org/simple" }
sdist = { url = "https://files.pythonhosted.org/packages/22/12/2948fbe5513d062169bd91f7d7b1cd97bc8894f32946b71fa39f6e63ca0c/idna-3.12.tar.gz", hash = "sha256:724e9952cc9e2bd7550ea784adb098d837ab5267ef67a1ab9cf7846bdbdd8254", size = 194350, upload-time = "2026-04-21T13:32:48.916Z" }
wheels = [
    { url = "https://files.pythonhosted.org/packages/53/b2/acc33950394b3becb2b664741a0c0889c7ef9f9ffbfa8d47eddb53a50abd/idna-3.12-py3-none-any.whl", hash = "sha256:60ffaa1858fac94c9c124728c24fcde8160f3fb4a7f79aa8cdd33a9d1af60a67", size = 68634, upload-time = "2026-04-21T13:32:47.403Z" },
]

[[package]]
name = "iniconfig"
version = "2.3.0"
source = { registry = "https://pypi.org/simple" }
sdist = { url = "https://files.pythonhosted.org/packages/72/34/14ca021ce8e5dfedc35312d08ba8bf51fdd999c576889fc2c24cb97f4f10/iniconfig-2.3.0.tar.gz", hash = "sha256:c76315c77db068650d49c5b56314774a7804df16fee4402c1f19d6d15d8c4730", size = 20503, upload-time = "2025-10-18T21:55:43.219Z" }
wheels = [
    { url = "https://files.pythonhosted.org/packages/cb/b1/3846dd7f199d53cb17f49cba7e651e9ce294d8497c8c150530ed11865bb8/iniconfig-2.3.0-py3-none-any.whl", hash = "sha256:f631c04d2c48c52b84d0d0549c99ff3859c98df65b3101406327ecc7d53fbf12", size = 7484, upload-time = "2025-10-18T21:55:41.639Z" },
]

[[package]]
name = "jiter"
version = "0.14.0"
source = { registry = "https://pypi.org/simple" }
sdist = { url = "https://files.pythonhosted.org/packages/6e/c1/0cddc6eb17d4c53a99840953f95dd3accdc5cfc7a337b0e9b26476276be9/jiter-0.14.0.tar.gz", hash = "sha256:e8a39e66dac7153cf3f964a12aad515afa8d74938ec5cc0018adcdae5367c79e", size = 165725, upload-time = "2026-04-10T14:28:42.01Z" }
wheels = [
    { url = "https://files.pythonhosted.org/packages/8a/1f/198ae537fccb7080a0ed655eb56abf64a92f79489dfbf79f40fa34225bcd/jiter-0.14.0-cp311-cp311-macosx_10_12_x86_64.whl", hash = "sha256:7e791e247b8044512e070bd1f3633dc08350d32776d2d6e7473309d0edf256a2", size = 316896, upload-time = "2026-04-10T14:26:01.986Z" },
    { url = "https://files.pythonhosted.org/packages/cf/34/da67cff3fce964a36d03c3e365fb0f8726ade2a6cfd4d3c70107e216ead6/jiter-0.14.0-cp311-cp311-macosx_11_0_arm64.whl", hash = "sha256:71527ce13fd5a0c4e40ad37331f8c547177dbb2dd0a93e5278b6a5eecf748804", size = 321085, upload-time = "2026-04-10T14:26:03.364Z" },
    { url = "https://files.pythonhosted.org/packages/ed/36/4c72e67180d4e71a4f5dcf7886d0840e83c49ab11788172177a77570326e/jiter-0.14.0-cp311-cp311-manylinux_2_17_aarch64.manylinux2014_aarch64.whl", hash = "sha256:02c4a7ab56f746014874f2c525584c0daca1dec37f66fd707ecef3b7e5c2228c", size = 347393, upload-time = "2026-04-10T14:26:05.314Z" },
    { url = "https://files.pythonhosted.org/packages/bc/db/9b39e09ceafa9878235c0fc29e3e3f9b12a4c6a98ea3085b998cadf3accc/jiter-0.14.0-cp311-cp311-manylinux_2_17_armv7l.manylinux2014_armv7l.whl", hash = "sha256:376e9dafff914253bb9d46cdc5f7965607fbe7feb0a491c34e35f92b2770702e", size = 372937, upload-time = "2026-04-10T14:26:06.884Z" },
    { url = "https://files.pythonhosted.org/packages/b0/96/0dcba1d7a82c1b720774b48ef239376addbaf30df24c34742ac4a57b67b2/jiter-0.14.0-cp311-cp311-manylinux_2_17_ppc64le.manylinux2014_ppc64le.whl", hash = "sha256:23ad2a7a9da1935575c820428dd8d2490ce4d23189691ce33da1fc0a58e14e1c", size = 463646, upload-time = "2026-04-10T14:26:08.345Z" },
    { url = "https://files.pythonhosted.org/packages/f1/e3/f61b71543e746e6b8b805e7755814fc242715c16f1dba58e1cbccb8032c2/jiter-0.14.0-cp311-cp311-manylinux_2_17_s390x.manylinux2014_s390x.whl", hash = "sha256:54b3ddf5786bc7732d293bba3411ac637ecfa200a39983166d1df86a59a43c9f", size = 380225, upload-time = "2026-04-10T14:26:10.161Z" },
    { url = "https://files.pythonhosted.org/packages/ad/5e/0ddeb7096aca099114abe36c4921016e8d251e6f35f5890240b31f1f60ae/jiter-0.14.0-cp311-cp311-manylinux_2_17_x86_64.manylinux2014_x86_64.whl", hash = "sha256:5c001d5a646c2a50dc055dd526dad5d5245969e8234d2b1131d0451e81f3a373", size = 358682, upload-time = "2026-04-10T14:26:11.574Z" },
    { url = "https://files.pythonhosted.org/packages/e9/d1/fe0c46cd7fda9cad8f1ff9ad217dc61f1e4280b21052ec6dfe88c1446ef2/jiter-0.14.0-cp311-cp311-manylinux_2_31_riscv64.whl", hash = "sha256:834bb5bdabca2e91592a03d373838a8d0a1b8bbde7077ae6913fd2fc51812d00", size = 359973, upload-time = "2026-04-10T14:26:13.316Z" },
    { url = "https://files.pythonhosted.org/packages/ac/21/f5317f91729b501019184771c80d60abd89907009e7bfa6c7e348c5bdd44/jiter-0.14.0-cp311-cp311-manylinux_2_5_i686.manylinux1_i686.whl", hash = "sha256:4e9178be60e229b1b2b0710f61b9e24d1f4f8556985a83ff4c4f95920eea7314", size = 397568, upload-time = "2026-04-10T14:26:15.212Z" },
    { url = "https://files.pythonhosted.org/packages/e9/05/79d8f33fb2bf168db0df5c9cd16fe440a8ada57e929d3677b22712c2568f/jiter-0.14.0-cp311-cp311-musllinux_1_1_aarch64.whl", hash = "sha256:a7e4ccff04ec03614e62c613e976a3a5860dc9714ce8266f44328bdc8b1cab2c", size = 522535, upload-time = "2026-04-10T14:26:16.956Z" },
    { url = "https://files.pythonhosted.org/packages/5c/00/d1e3ff3d2a465e67f08507d74bafb2dcd29eba91dc939820e39e8dea38b8/jiter-0.14.0-cp311-cp311-musllinux_1_1_x86_64.whl", hash = "sha256:69539d936fb5d55caf6ecd33e2e884de083ff0ea28579780d56c4403094bb8d9", size = 556709, upload-time = "2026-04-10T14:26:18.5Z" },
    { url = "https://files.pythonhosted.org/packages/60/5b/bbb2189f62ace8d95e869aa4c84c9946616f301e2d02895a6f20dcc3bba3/jiter-0.14.0-cp311-cp311-win32.whl", hash = "sha256:4927d09b3e572787cc5e0a5318601448e1ab9391bcef95677f5840c2d00eaa6d", size = 208660, upload-time = "2026-04-10T14:26:20.511Z" },
    { url = "https://files.pythonhosted.org/packages/b8/86/c500b53dcbf08575f5963e536ebd757a1f7c568272ba5d180b212c9a87fb/jiter-0.14.0-cp311-cp311-win_amd64.whl", hash = "sha256:42d6ed359ac49eb922fdd565f209c57340aa06d589c84c8413e42a0f9ae1b842", size = 204659, upload-time = "2026-04-10T14:26:22.152Z" },
    { url = "https://files.pythonhosted.org/packages/75/4a/a676249049d42cb29bef82233e4fe0524d414cbe3606c7a4b311193c2f77/jiter-0.14.0-cp311-cp311-win_arm64.whl", hash = "sha256:6dd689f5f4a5a33747b28686e051095beb214fe28cfda5e9fe58a295a788f593", size = 194772, upload-time = "2026-04-10T14:26:23.458Z" },
    { url = "https://files.pythonhosted.org/packages/32/a1/ef34ca2cab2962598591636a1804b93645821201cc0095d4a93a9a329c9d/jiter-0.14.0-graalpy311-graalpy242_311_native-macosx_10_12_x86_64.whl", hash = "sha256:a25ffa2dbbdf8721855612f6dca15c108224b12d0c4024d0ac3d7902132b4211", size = 311366, upload-time = "2026-04-10T14:28:27.943Z" },
    { url = "https://files.pythonhosted.org/packages/60/bb/520576a532a6b8a6f42747afed289c8448c879a34d7802fe2c832d4fd38f/jiter-0.14.0-graalpy311-graalpy242_311_native-macosx_11_0_arm64.whl", hash = "sha256:0ac9cbaa86c10996b92bd12c91659b60f939f8e28fcfa6bc11a0e90a774ce95b", size = 309873, upload-time = "2026-04-10T14:28:29.688Z" },
    { url = "https://files.pythonhosted.org/packages/b2/7c/c16db114ea1f2f532f198aa8dc39585026af45af362c69a0492f31bc4821/jiter-0.14.0-graalpy311-graalpy242_311_native-manylinux_2_17_aarch64.manylinux2014_aarch64.whl", hash = "sha256:844e73b6c56b505e9e169234ea3bdea2ea43f769f847f47ac559ba1d2361ebea", size = 344816, upload-time = "2026-04-10T14:28:31.348Z" },
    { url = "https://files.pythonhosted.org/packages/99/8f/15e7741ff19e9bcd4d753f7ff22f988fd54592f134ca13701c13ea8c20e0/jiter-0.14.0-graalpy311-graalpy242_311_native-manylinux_2_17_x86_64.manylinux2014_x86_64.whl", hash = "sha256:e52c076f187405fc21523c746c04399c9af8ece566077ed147b2126f2bcba577", size = 351445, upload-time = "2026-04-10T14:28:33.093Z" },
]

[[package]]
name = "librt"
version = "0.9.0"
source = { registry = "https://pypi.org/simple" }
sdist = { url = "https://files.pythonhosted.org/packages/eb/6b/3d5c13fb3e3c4f43206c8f9dfed13778c2ed4f000bacaa0b7ce3c402a265/librt-0.9.0.tar.gz", hash = "sha256:a0951822531e7aee6e0dfb556b30d5ee36bbe234faf60c20a16c01be3530869d", size = 184368, upload-time = "2026-04-09T16:06:26.173Z" }
wheels = [
    { url = "https://files.pythonhosted.org/packages/e2/1e/2ec7afcebcf3efea593d13aee18bbcfdd3a243043d848ebf385055e9f636/librt-0.9.0-cp311-cp311-macosx_10_9_x86_64.whl", hash = "sha256:90904fac73c478f4b83f4ed96c99c8208b75e6f9a8a1910548f69a00f1eaa671", size = 67155, upload-time = "2026-04-09T16:04:42.933Z" },
    { url = "https://files.pythonhosted.org/packages/18/77/72b85afd4435268338ad4ec6231b3da8c77363f212a0227c1ff3b45e4d35/librt-0.9.0-cp311-cp311-macosx_11_0_arm64.whl", hash = "sha256:789fff71757facc0738e8d89e3b84e4f0251c1c975e85e81b152cdaca927cc2d", size = 69916, upload-time = "2026-04-09T16:04:44.042Z" },
    { url = "https://files.pythonhosted.org/packages/27/fb/948ea0204fbe2e78add6d46b48330e58d39897e425560674aee302dca81c/librt-0.9.0-cp311-cp311-manylinux1_i686.manylinux_2_28_i686.manylinux_2_5_i686.whl", hash = "sha256:1bf465d1e5b0a27713862441f6467b5ab76385f4ecf8f1f3a44f8aa3c695b4b6", size = 199635, upload-time = "2026-04-09T16:04:45.5Z" },
    { url = "https://files.pythonhosted.org/packages/ac/cd/894a29e251b296a27957856804cfd21e93c194aa131de8bb8032021be07e/librt-0.9.0-cp311-cp311-manylinux2014_aarch64.manylinux_2_17_aarch64.manylinux_2_28_aarch64.whl", hash = "sha256:f819e0c6413e259a17a7c0d49f97f405abadd3c2a316a3b46c6440b7dbbedbb1", size = 211051, upload-time = "2026-04-09T16:04:47.016Z" },
    { url = "https://files.pythonhosted.org/packages/18/8f/dcaed0bc084a35f3721ff2d081158db569d2c57ea07d35623ddaca5cfc8e/librt-0.9.0-cp311-cp311-manylinux2014_x86_64.manylinux_2_17_x86_64.manylinux_2_28_x86_64.whl", hash = "sha256:e0785c2fb4a81e1aece366aa3e2e039f4a4d7d21aaaded5227d7f3c703427882", size = 224031, upload-time = "2026-04-09T16:04:48.207Z" },
    { url = "https://files.pythonhosted.org/packages/03/44/88f6c1ed1132cd418601cc041fbd92fed28b3a09f39de81978e0822d13ff/librt-0.9.0-cp311-cp311-manylinux_2_31_riscv64.manylinux_2_39_riscv64.whl", hash = "sha256:80b25c7b570a86c03b5da69e665809deb39265476e8e21d96a9328f9762f9990", size = 218069, upload-time = "2026-04-09T16:04:50.025Z" },
    { url = "https://files.pythonhosted.org/packages/a3/90/7d02e981c2db12188d82b4410ff3e35bfdb844b26aecd02233626f46af2b/librt-0.9.0-cp311-cp311-musllinux_1_2_aarch64.whl", hash = "sha256:d4d16b608a1c43d7e33142099a75cd93af482dadce0bf82421e91cad077157f4", size = 224857, upload-time = "2026-04-09T16:04:51.684Z" },
    { url = "https://files.pythonhosted.org/packages/ef/c3/c77e706b7215ca32e928d47535cf13dbc3d25f096f84ddf8fbc06693e229/librt-0.9.0-cp311-cp311-musllinux_1_2_i686.whl", hash = "sha256:194fc1a32e1e21fe809d38b5faea66cc65eaa00217c8901fbdb99866938adbdb", size = 219865, upload-time = "2026-04-09T16:04:52.949Z" },
    { url = "https://files.pythonhosted.org/packages/52/d1/32b0c1a0eb8461c70c11656c46a29f760b7c7edf3c36d6f102470c17170f/librt-0.9.0-cp311-cp311-musllinux_1_2_riscv64.whl", hash = "sha256:8c6bc1384d9738781cfd41d09ad7f6e8af13cfea2c75ece6bd6d2566cdea2076", size = 218451, upload-time = "2026-04-09T16:04:54.174Z" },
    { url = "https://files.pythonhosted.org/packages/74/d1/adfd0f9c44761b1d49b1bec66173389834c33ee2bd3c7fd2e2367f1942d4/librt-0.9.0-cp311-cp311-musllinux_1_2_x86_64.whl", hash = "sha256:15cb151e52a044f06e54ac7f7b47adbfc89b5c8e2b63e1175a9d587c43e8942a", size = 241300, upload-time = "2026-04-09T16:04:55.452Z" },
    { url = "https://files.pythonhosted.org/packages/09/b0/9074b64407712f0003c27f5b1d7655d1438979155f049720e8a1abd9b1a1/librt-0.9.0-cp311-cp311-win32.whl", hash = "sha256:f100bfe2acf8a3689af9d0cc660d89f17286c9c795f9f18f7b62dd1a6b247ae6", size = 55668, upload-time = "2026-04-09T16:04:56.689Z" },
    { url = "https://files.pythonhosted.org/packages/24/19/40b77b77ce80b9389fb03971431b09b6b913911c38d412059e0b3e2a9ef2/librt-0.9.0-cp311-cp311-win_amd64.whl", hash = "sha256:0b73e4266307e51c95e09c0750b7ec383c561d2e97d58e473f6f6a209952fbb8", size = 62976, upload-time = "2026-04-09T16:04:57.733Z" },
    { url = "https://files.pythonhosted.org/packages/70/9d/9fa7a64041e29035cb8c575af5f0e3840be1b97b4c4d9061e0713f171849/librt-0.9.0-cp311-cp311-win_arm64.whl", hash = "sha256:bc5518873822d2faa8ebdd2c1a4d7c8ef47b01a058495ab7924cb65bdbf5fc9a", size = 53502, upload-time = "2026-04-09T16:04:58.806Z" },
]

[[package]]
name = "mypy"
version = "1.20.1"
source = { registry = "https://pypi.org/simple" }
dependencies = [
    { name = "librt", marker = "platform_python_implementation != 'PyPy'" },
    { name = "mypy-extensions" },
    { name = "pathspec" },
    { name = "typing-extensions" },
]
sdist = { url = "https://files.pythonhosted.org/packages/0b/3d/5b373635b3146264eb7a68d09e5ca11c305bbb058dfffbb47c47daf4f632/mypy-1.20.1.tar.gz", hash = "sha256:6fc3f4ecd52de81648fed1945498bf42fa2993ddfad67c9056df36ae5757f804", size = 3815892, upload-time = "2026-04-13T02:46:51.474Z" }
wheels = [
    { url = "https://files.pythonhosted.org/packages/82/0d/555ab7453cc4a4a8643b7f21c842b1a84c36b15392061ae7b052ee119320/mypy-1.20.1-cp311-cp311-macosx_10_9_x86_64.whl", hash = "sha256:c01eb9bac2c6a962d00f9d23421cd2913840e65bba365167d057bd0b4171a92e", size = 14336012, upload-time = "2026-04-13T02:45:39.935Z" },
    { url = "https://files.pythonhosted.org/packages/57/26/85a28893f7db8a16ebb41d1e9dfcb4475844d06a88480b6639e32a74d6ef/mypy-1.20.1-cp311-cp311-macosx_11_0_arm64.whl", hash = "sha256:55d12ddbd8a9cac5b276878bd534fa39fff5bf543dc6ae18f25d30c8d7d27fca", size = 13224636, upload-time = "2026-04-13T02:45:49.659Z" },
    { url = "https://files.pythonhosted.org/packages/93/41/bd4cd3c2caeb6c448b669222b8cfcbdee4a03b89431527b56fca9e56b6f3/mypy-1.20.1-cp311-cp311-manylinux2014_aarch64.manylinux_2_17_aarch64.manylinux_2_28_aarch64.whl", hash = "sha256:c0aa322c1468b6cdfc927a44ce130f79bb44bcd34eb4a009eb9f96571fd80955", size = 13663471, upload-time = "2026-04-13T02:46:20.276Z" },
    { url = "https://files.pythonhosted.org/packages/3e/56/7ee8c471e10402d64b6517ae10434541baca053cffd81090e4097d5609d4/mypy-1.20.1-cp311-cp311-manylinux2014_x86_64.manylinux_2_17_x86_64.manylinux_2_28_x86_64.whl", hash = "sha256:3f8bc95899cf676b6e2285779a08a998cc3a7b26f1026752df9d2741df3c79e8", size = 14532344, upload-time = "2026-04-13T02:46:44.205Z" },
    { url = "https://files.pythonhosted.org/packages/b5/95/b37d1fa859a433f6156742e12f62b0bb75af658544fb6dada9363918743a/mypy-1.20.1-cp311-cp311-musllinux_1_2_x86_64.whl", hash = "sha256:47c2b90191a870a04041e910277494b0d92f0711be9e524d45c074fe60c00b65", size = 14776670, upload-time = "2026-04-13T02:45:52.481Z" },
    { url = "https://files.pythonhosted.org/packages/03/77/b302e4cb0b80d2bdf6bf4fce5864bb4cbfa461f7099cea544eaf2457df78/mypy-1.20.1-cp311-cp311-win_amd64.whl", hash = "sha256:9857dc8d2ec1a392ffbda518075beb00ac58859979c79f9e6bdcb7277082c2f2", size = 10816524, upload-time = "2026-04-13T02:45:37.711Z" },
    { url = "https://files.pythonhosted.org/packages/7f/21/d969d7a68eb964993ebcc6170d5ecaf0cf65830c58ac3344562e16dc42a9/mypy-1.20.1-cp311-cp311-win_arm64.whl", hash = "sha256:09d8df92bb25b6065ab91b178da843dda67b33eb819321679a6e98a907ce0e10", size = 9750419, upload-time = "2026-04-13T02:45:08.542Z" },
    { url = "https://files.pythonhosted.org/packages/d8/28/926bd972388e65a39ee98e188ccf67e81beb3aacfd5d6b310051772d974b/mypy-1.20.1-py3-none-any.whl", hash = "sha256:1aae28507f253fe82d883790d1c0a0d35798a810117c88184097fe8881052f06", size = 2636553, upload-time = "2026-04-13T02:46:30.45Z" },
]

[[package]]
name = "mypy-extensions"
version = "1.1.0"
source = { registry = "https://pypi.org/simple" }
sdist = { url = "https://files.pythonhosted.org/packages/a2/6e/371856a3fb9d31ca8dac321cda606860fa4548858c0cc45d9d1d4ca2628b/mypy_extensions-1.1.0.tar.gz", hash = "sha256:52e68efc3284861e772bbcd66823fde5ae21fd2fdb51c62a211403730b916558", size = 6343, upload-time = "2025-04-22T14:54:24.164Z" }
wheels = [
    { url = "https://files.pythonhosted.org/packages/79/7b/2c79738432f5c924bef5071f933bcc9efd0473bac3b4aa584a6f7c1c8df8/mypy_extensions-1.1.0-py3-none-any.whl", hash = "sha256:1be4cccdb0f2482337c4743e60421de3a356cd97508abadd57d47403e94f5505", size = 4963, upload-time = "2025-04-22T14:54:22.983Z" },
]

[[package]]
name = "packaging"
version = "26.1"
source = { registry = "https://pypi.org/simple" }
sdist = { url = "https://files.pythonhosted.org/packages/df/de/0d2b39fb4af88a0258f3bac87dfcbb48e73fbdea4a2ed0e2213f9a4c2f9a/packaging-26.1.tar.gz", hash = "sha256:f042152b681c4bfac5cae2742a55e103d27ab2ec0f3d88037136b6bfe7c9c5de", size = 215519, upload-time = "2026-04-14T21:12:49.362Z" }
wheels = [
    { url = "https://files.pythonhosted.org/packages/7a/c2/920ef838e2f0028c8262f16101ec09ebd5969864e5a64c4c05fad0617c56/packaging-26.1-py3-none-any.whl", hash = "sha256:5d9c0669c6285e491e0ced2eee587eaf67b670d94a19e94e3984a481aba6802f", size = 95831, upload-time = "2026-04-14T21:12:47.56Z" },
]

[[package]]
name = "pathspec"
version = "1.0.4"
source = { registry = "https://pypi.org/simple" }
sdist = { url = "https://files.pythonhosted.org/packages/fa/36/e27608899f9b8d4dff0617b2d9ab17ca5608956ca44461ac14ac48b44015/pathspec-1.0.4.tar.gz", hash = "sha256:0210e2ae8a21a9137c0d470578cb0e595af87edaa6ebf12ff176f14a02e0e645", size = 131200, upload-time = "2026-01-27T03:59:46.938Z" }
wheels = [
    { url = "https://files.pythonhosted.org/packages/ef/3c/2c197d226f9ea224a9ab8d197933f9da0ae0aac5b6e0f884e2b8d9c8e9f7/pathspec-1.0.4-py3-none-any.whl", hash = "sha256:fb6ae2fd4e7c921a165808a552060e722767cfa526f99ca5156ed2ce45a5c723", size = 55206, upload-time = "2026-01-27T03:59:45.137Z" },
]

[[package]]
name = "pluggy"
version = "1.6.0"
source = { registry = "https://pypi.org/simple" }
sdist = { url = "https://files.pythonhosted.org/packages/f9/e2/3e91f31a7d2b083fe6ef3fa267035b518369d9511ffab804f839851d2779/pluggy-1.6.0.tar.gz", hash = "sha256:7dcc130b76258d33b90f61b658791dede3486c3e6bfb003ee5c9bfb396dd22f3", size = 69412, upload-time = "2025-05-15T12:30:07.975Z" }
wheels = [
    { url = "https://files.pythonhosted.org/packages/54/20/4d324d65cc6d9205fabedc306948156824eb9f0ee1633355a8f7ec5c66bf/pluggy-1.6.0-py3-none-any.whl", hash = "sha256:e920276dd6813095e9377c0bc5566d94c932c33b27a3e3945d8389c374dd4746", size = 20538, upload-time = "2025-05-15T12:30:06.134Z" },
]

[[package]]
name = "pydantic"
version = "2.13.3"
source = { registry = "https://pypi.org/simple" }
dependencies = [
    { name = "annotated-types" },
    { name = "pydantic-core" },
    { name = "typing-extensions" },
    { name = "typing-inspection" },
]
sdist = { url = "https://files.pythonhosted.org/packages/d9/e4/40d09941a2cebcb20609b86a559817d5b9291c49dd6f8c87e5feffbe703a/pydantic-2.13.3.tar.gz", hash = "sha256:af09e9d1d09f4e7fe37145c1f577e1d61ceb9a41924bf0094a36506285d0a84d", size = 844068, upload-time = "2026-04-20T14:46:43.632Z" }
wheels = [
    { url = "https://files.pythonhosted.org/packages/f3/0a/fd7d723f8f8153418fb40cf9c940e82004fce7e987026b08a68a36dd3fe7/pydantic-2.13.3-py3-none-any.whl", hash = "sha256:6db14ac8dfc9a1e57f87ea2c0de670c251240f43cb0c30a5130e9720dc612927", size = 471981, upload-time = "2026-04-20T14:46:41.402Z" },
]

[[package]]
name = "pydantic-core"
version = "2.46.3"
source = { registry = "https://pypi.org/simple" }
dependencies = [
    { name = "typing-extensions" },
]
sdist = { url = "https://files.pythonhosted.org/packages/2a/ef/f7abb56c49382a246fd2ce9c799691e3c3e7175ec74b14d99e798bcddb1a/pydantic_core-2.46.3.tar.gz", hash = "sha256:41c178f65b8c29807239d47e6050262eb6bf84eb695e41101e62e38df4a5bc2c", size = 471412, upload-time = "2026-04-20T14:40:56.672Z" }
wheels = [
    { url = "https://files.pythonhosted.org/packages/22/a2/1ba90a83e85a3f94c796b184f3efde9c72f2830dcda493eea8d59ba78e6d/pydantic_core-2.46.3-cp311-cp311-macosx_10_12_x86_64.whl", hash = "sha256:ab124d49d0459b2373ecf54118a45c28a1e6d4192a533fbc915e70f556feb8e5", size = 2106740, upload-time = "2026-04-20T14:41:20.932Z" },
    { url = "https://files.pythonhosted.org/packages/b6/f6/99ae893c89a0b9d3daec9f95487aa676709aa83f67643b3f0abaf4ab628a/pydantic_core-2.46.3-cp311-cp311-macosx_11_0_arm64.whl", hash = "sha256:cca67d52a5c7a16aed2b3999e719c4bcf644074eac304a5d3d62dd70ae7d4b2c", size = 1948293, upload-time = "2026-04-20T14:43:42.115Z" },
    { url = "https://files.pythonhosted.org/packages/3e/b8/2e8e636dc9e3f16c2e16bf0849e24be82c5ee82c603c65fc0326666328fc/pydantic_core-2.46.3-cp311-cp311-manylinux_2_17_aarch64.manylinux2014_aarch64.whl", hash = "sha256:5c024e08c0ba23e6fd68c771a521e9d6a792f2ebb0fa734296b36394dc30390e", size = 1973222, upload-time = "2026-04-20T14:41:57.841Z" },
    { url = "https://files.pythonhosted.org/packages/34/36/0e730beec4d83c5306f417afbd82ff237d9a21e83c5edf675f31ed84c1fe/pydantic_core-2.46.3-cp311-cp311-manylinux_2_17_armv7l.manylinux2014_armv7l.whl", hash = "sha256:6645ce7eec4928e29a1e3b3d5c946621d105d3e79f0c9cddf07c2a9770949287", size = 2053852, upload-time = "2026-04-20T14:40:43.077Z" },
    { url = "https://files.pythonhosted.org/packages/4b/f0/3071131f47e39136a17814576e0fada9168569f7f8c0e6ac4d1ede6a4958/pydantic_core-2.46.3-cp311-cp311-manylinux_2_17_ppc64le.manylinux2014_ppc64le.whl", hash = "sha256:a712c7118e6c5ea96562f7b488435172abb94a3c53c22c9efc1412264a45cbbe", size = 2221134, upload-time = "2026-04-20T14:43:03.349Z" },
    { url = "https://files.pythonhosted.org/packages/2f/a9/a2dc023eec5aa4b02a467874bad32e2446957d2adcab14e107eab502e978/pydantic_core-2.46.3-cp311-cp311-manylinux_2_17_s390x.manylinux2014_s390x.whl", hash = "sha256:69a868ef3ff206343579021c40faf3b1edc64b1cc508ff243a28b0a514ccb050", size = 2279785, upload-time = "2026-04-20T14:41:19.285Z" },
    { url = "https://files.pythonhosted.org/packages/0a/44/93f489d16fb63fbd41c670441536541f6e8cfa1e5a69f40bc9c5d30d8c90/pydantic_core-2.46.3-cp311-cp311-manylinux_2_17_x86_64.manylinux2014_x86_64.whl", hash = "sha256:cc7e8c32db809aa0f6ea1d6869ebc8518a65d5150fdfad8bcae6a49ae32a22e2", size = 2089404, upload-time = "2026-04-20T14:43:10.108Z" },
    { url = "https://files.pythonhosted.org/packages/2a/78/8692e3aa72b2d004f7a5d937f1dfdc8552ba26caf0bec75f342c40f00dec/pydantic_core-2.46.3-cp311-cp311-manylinux_2_31_riscv64.whl", hash = "sha256:3481bd1341dc85779ee506bc8e1196a277ace359d89d28588a9468c3ecbe63fa", size = 2114898, upload-time = "2026-04-20T14:44:51.475Z" },
    { url = "https://files.pythonhosted.org/packages/6a/62/e83133f2e7832532060175cebf1f13748f4c7e7e7165cdd1f611f174494b/pydantic_core-2.46.3-cp311-cp311-manylinux_2_5_i686.manylinux1_i686.whl", hash = "sha256:8690eba565c6d68ffd3a8655525cbdd5246510b44a637ee2c6c03a7ebfe64d3c", size = 2157856, upload-time = "2026-04-20T14:43:46.64Z" },
    { url = "https://files.pythonhosted.org/packages/6d/ec/6a500e3ad7718ee50583fae79c8651f5d37e3abce1fa9ae177ae65842c53/pydantic_core-2.46.3-cp311-cp311-musllinux_1_1_aarch64.whl", hash = "sha256:4de88889d7e88d50d40ee5b39d5dac0bcaef9ba91f7e536ac064e6b2834ecccf", size = 2180168, upload-time = "2026-04-20T14:42:00.302Z" },
    { url = "https://files.pythonhosted.org/packages/d8/53/8267811054b1aa7fc1dc7ded93812372ef79a839f5e23558136a6afbfde1/pydantic_core-2.46.3-cp311-cp311-musllinux_1_1_armv7l.whl", hash = "sha256:e480080975c1ef7f780b8f99ed72337e7cc5efea2e518a20a692e8e7b278eb8b", size = 2322885, upload-time = "2026-04-20T14:41:05.253Z" },
    { url = "https://files.pythonhosted.org/packages/c8/c1/1c0acdb3aa0856ddc4ecc55214578f896f2de16f400cf51627eb3c26c1c4/pydantic_core-2.46.3-cp311-cp311-musllinux_1_1_x86_64.whl", hash = "sha256:de3a5c376f8cd94da9a1b8fd3dd1c16c7a7b216ed31dc8ce9fd7a22bf13b836e", size = 2360328, upload-time = "2026-04-20T14:41:43.991Z" },
    { url = "https://files.pythonhosted.org/packages/f0/d0/ef39cd0f4a926814f360e71c1adeab48ad214d9727e4deb48eedfb5bce1a/pydantic_core-2.46.3-cp311-cp311-win32.whl", hash = "sha256:fc331a5314ffddd5385b9ee9d0d2fee0b13c27e0e02dad71b1ae5d6561f51eeb", size = 1979464, upload-time = "2026-04-20T14:43:12.215Z" },
    { url = "https://files.pythonhosted.org/packages/18/9c/f41951b0d858e343f1cf09398b2a7b3014013799744f2c4a8ad6a3eec4f2/pydantic_core-2.46.3-cp311-cp311-win_amd64.whl", hash = "sha256:b5b9c6cf08a8a5e502698f5e153056d12c34b8fb30317e0c5fd06f45162a6346", size = 2070837, upload-time = "2026-04-20T14:41:47.707Z" },
    { url = "https://files.pythonhosted.org/packages/9f/1e/264a17cd582f6ed50950d4d03dd5fefd84e570e238afe1cb3e25cf238769/pydantic_core-2.46.3-cp311-cp311-win_arm64.whl", hash = "sha256:5dfd51cf457482f04ec49491811a2b8fd5b843b64b11eecd2d7a1ee596ea78a6", size = 2053647, upload-time = "2026-04-20T14:42:27.535Z" },
    { url = "https://files.pythonhosted.org/packages/66/7f/03dbad45cd3aa9083fbc93c210ae8b005af67e4136a14186950a747c6874/pydantic_core-2.46.3-graalpy311-graalpy242_311_native-macosx_10_12_x86_64.whl", hash = "sha256:9715525891ed524a0a1eb6d053c74d4d4ad5017677fb00af0b7c2644a31bae46", size = 2105683, upload-time = "2026-04-20T14:42:19.779Z" },
    { url = "https://files.pythonhosted.org/packages/26/22/4dc186ac8ea6b257e9855031f51b62a9637beac4d68ac06bee02f046f836/pydantic_core-2.46.3-graalpy311-graalpy242_311_native-macosx_11_0_arm64.whl", hash = "sha256:9d2f400712a99a013aff420ef1eb9be077f8189a36c1e3ef87660b4e1088a874", size = 1940052, upload-time = "2026-04-20T14:43:59.274Z" },
    { url = "https://files.pythonhosted.org/packages/0d/ca/d376391a5aff1f2e8188960d7873543608130a870961c2b6b5236627c116/pydantic_core-2.46.3-graalpy311-graalpy242_311_native-manylinux_2_17_aarch64.manylinux2014_aarch64.whl", hash = "sha256:bd2aab0e2e9dc2daf36bd2686c982535d5e7b1d930a1344a7bb6e82baab42a76", size = 1988172, upload-time = "2026-04-20T14:41:17.469Z" },
    { url = "https://files.pythonhosted.org/packages/0e/6b/523b9f85c23788755d6ab949329de692a2e3a584bc6beb67fef5e035aa9d/pydantic_core-2.46.3-graalpy311-graalpy242_311_native-manylinux_2_17_x86_64.manylinux2014_x86_64.whl", hash = "sha256:4e9d76736da5f362fabfeea6a69b13b7f2be405c6d6966f06b2f6bfff7e64531", size = 2128596, upload-time = "2026-04-20T14:40:41.707Z" },
    { url = "https://files.pythonhosted.org/packages/1f/da/99d40830684f81dec901cac521b5b91c095394cc1084b9433393cde1c2df/pydantic_core-2.46.3-pp311-pypy311_pp73-macosx_10_12_x86_64.whl", hash = "sha256:13afdd885f3d71280cf286b13b310ee0f7ccfefd1dbbb661514a474b726e2f25", size = 2107973, upload-time = "2026-04-20T14:42:06.175Z" },
    { url = "https://files.pythonhosted.org/packages/99/a5/87024121818d75bbb2a98ddbaf638e40e7a18b5e0f5492c9ca4b1b316107/pydantic_core-2.46.3-pp311-pypy311_pp73-macosx_11_0_arm64.whl", hash = "sha256:f91c0aff3e3ee0928edd1232c57f643a7a003e6edf1860bc3afcdc749cb513f3", size = 1947191, upload-time = "2026-04-20T14:43:14.319Z" },
    { url = "https://files.pythonhosted.org/packages/60/62/0c1acfe10945b83a6a59d19fbaa92f48825381509e5701b855c08f13db76/pydantic_core-2.46.3-pp311-pypy311_pp73-manylinux_2_17_x86_64.manylinux2014_x86_64.whl", hash = "sha256:6529d1d128321a58d30afcc97b49e98836542f68dd41b33c2e972bb9e5290536", size = 2123791, upload-time = "2026-04-20T14:43:22.766Z" },
    { url = "https://files.pythonhosted.org/packages/75/3e/3b2393b4c8f44285561dc30b00cf307a56a2eff7c483a824db3b8221ca51/pydantic_core-2.46.3-pp311-pypy311_pp73-manylinux_2_5_i686.manylinux1_i686.whl", hash = "sha256:975c267cff4f7e7272eacbe50f6cc03ca9a3da4c4fbd66fffd89c94c1e311aa1", size = 2153197, upload-time = "2026-04-20T14:44:27.932Z" },
    { url = "https://files.pythonhosted.org/packages/ba/75/5af02fb35505051eee727c061f2881c555ab4f8ddb2d42da715a42c9731b/pydantic_core-2.46.3-pp311-pypy311_pp73-musllinux_1_1_aarch64.whl", hash = "sha256:2b8e4f2bbdf71415c544b4b1138b8060db7b6611bc927e8064c769f64bed651c", size = 2181073, upload-time = "2026-04-20T14:43:20.729Z" },
    { url = "https://files.pythonhosted.org/packages/10/92/7e0e1bd9ca3c68305db037560ca2876f89b2647deb2f8b6319005de37505/pydantic_core-2.46.3-pp311-pypy311_pp73-musllinux_1_1_armv7l.whl", hash = "sha256:e61ea8e9fff9606d09178f577ff8ccdd7206ff73d6552bcec18e1033c4254b85", size = 2315886, upload-time = "2026-04-20T14:44:04.826Z" },
    { url = "https://files.pythonhosted.org/packages/b8/d8/101655f27eaf3e44558ead736b2795d12500598beed4683f279396fa186e/pydantic_core-2.46.3-pp311-pypy311_pp73-musllinux_1_1_x86_64.whl", hash = "sha256:b504bda01bafc69b6d3c7a0c7f039dcf60f47fab70e06fe23f57b5c75bdc82b8", size = 2360528, upload-time = "2026-04-20T14:40:47.431Z" },
    { url = "https://files.pythonhosted.org/packages/07/0f/1c34a74c8d07136f0d729ffe5e1fdab04fbdaa7684f61a92f92511a84a15/pydantic_core-2.46.3-pp311-pypy311_pp73-win_amd64.whl", hash = "sha256:b00b76f7142fc60c762ce579bd29c8fa44aaa56592dd3c54fab3928d0d4ca6ff", size = 2184144, upload-time = "2026-04-20T14:42:57Z" },
]

[[package]]
name = "pygments"
version = "2.20.0"
source = { registry = "https://pypi.org/simple" }
sdist = { url = "https://files.pythonhosted.org/packages/c3/b2/bc9c9196916376152d655522fdcebac55e66de6603a76a02bca1b6414f6c/pygments-2.20.0.tar.gz", hash = "sha256:6757cd03768053ff99f3039c1a36d6c0aa0b263438fcab17520b30a303a82b5f", size = 4955991, upload-time = "2026-03-29T13:29:33.898Z" }
wheels = [
    { url = "https://files.pythonhosted.org/packages/f4/7e/a72dd26f3b0f4f2bf1dd8923c85f7ceb43172af56d63c7383eb62b332364/pygments-2.20.0-py3-none-any.whl", hash = "sha256:81a9e26dd42fd28a23a2d169d86d7ac03b46e2f8b59ed4698fb4785f946d0176", size = 1231151, upload-time = "2026-03-29T13:29:30.038Z" },
]

[[package]]
name = "pytest"
version = "9.0.3"
source = { registry = "https://pypi.org/simple" }
dependencies = [
    { name = "colorama", marker = "sys_platform == 'win32'" },
    { name = "iniconfig" },
    { name = "packaging" },
    { name = "pluggy" },
    { name = "pygments" },
]
sdist = { url = "https://files.pythonhosted.org/packages/7d/0d/549bd94f1a0a402dc8cf64563a117c0f3765662e2e668477624baeec44d5/pytest-9.0.3.tar.gz", hash = "sha256:b86ada508af81d19edeb213c681b1d48246c1a91d304c6c81a427674c17eb91c", size = 1572165, upload-time = "2026-04-07T17:16:18.027Z" }
wheels = [
    { url = "https://files.pythonhosted.org/packages/d4/24/a372aaf5c9b7208e7112038812994107bc65a84cd00e0354a88c2c77a617/pytest-9.0.3-py3-none-any.whl", hash = "sha256:2c5efc453d45394fdd706ade797c0a81091eccd1d6e4bccfcd476e2b8e0ab5d9", size = 375249, upload-time = "2026-04-07T17:16:16.13Z" },
]

[[package]]
name = "pytest-asyncio"
version = "1.3.0"
source = { registry = "https://pypi.org/simple" }
dependencies = [
    { name = "pytest" },
    { name = "typing-extensions" },
]
sdist = { url = "https://files.pythonhosted.org/packages/90/2c/8af215c0f776415f3590cac4f9086ccefd6fd463befeae41cd4d3f193e5a/pytest_asyncio-1.3.0.tar.gz", hash = "sha256:d7f52f36d231b80ee124cd216ffb19369aa168fc10095013c6b014a34d3ee9e5", size = 50087, upload-time = "2025-11-10T16:07:47.256Z" }
wheels = [
    { url = "https://files.pythonhosted.org/packages/e5/35/f8b19922b6a25bc0880171a2f1a003eaeb93657475193ab516fd87cac9da/pytest_asyncio-1.3.0-py3-none-any.whl", hash = "sha256:611e26147c7f77640e6d0a92a38ed17c3e9848063698d5c93d5aa7aa11cebff5", size = 15075, upload-time = "2025-11-10T16:07:45.537Z" },
]

[[package]]
name = "python-dotenv"
version = "1.2.2"
source = { registry = "https://pypi.org/simple" }
sdist = { url = "https://files.pythonhosted.org/packages/82/ed/0301aeeac3e5353ef3d94b6ec08bbcabd04a72018415dcb29e588514bba8/python_dotenv-1.2.2.tar.gz", hash = "sha256:2c371a91fbd7ba082c2c1dc1f8bf89ca22564a087c2c287cd9b662adde799cf3", size = 50135, upload-time = "2026-03-01T16:00:26.196Z" }
wheels = [
    { url = "https://files.pythonhosted.org/packages/0b/d7/1959b9648791274998a9c3526f6d0ec8fd2233e4d4acce81bbae76b44b2a/python_dotenv-1.2.2-py3-none-any.whl", hash = "sha256:1d8214789a24de455a8b8bd8ae6fe3c6b69a5e3d64aa8a8e5d68e694bbcb285a", size = 22101, upload-time = "2026-03-01T16:00:25.09Z" },
]

[[package]]
name = "ruff"
version = "0.15.11"
source = { registry = "https://pypi.org/simple" }
sdist = { url = "https://files.pythonhosted.org/packages/e4/8d/192f3d7103816158dfd5ea50d098ef2aec19194e6cbccd4b3485bdb2eb2d/ruff-0.15.11.tar.gz", hash = "sha256:f092b21708bf0e7437ce9ada249dfe688ff9a0954fc94abab05dcea7dcd29c33", size = 4637264, upload-time = "2026-04-16T18:46:26.58Z" }
wheels = [
    { url = "https://files.pythonhosted.org/packages/02/1e/6aca3427f751295ab011828e15e9bf452200ac74484f1db4be0197b8170b/ruff-0.15.11-py3-none-linux_armv6l.whl", hash = "sha256:e927cfff503135c558eb581a0c9792264aae9507904eb27809cdcff2f2c847b7", size = 10607943, upload-time = "2026-04-16T18:46:05.967Z" },
    { url = "https://files.pythonhosted.org/packages/e7/26/1341c262e74f36d4e84f3d6f4df0ac68cd53331a66bfc5080daa17c84c0b/ruff-0.15.11-py3-none-macosx_10_12_x86_64.whl", hash = "sha256:7a1b5b2938d8f890b76084d4fa843604d787a912541eae85fd7e233398bbb73e", size = 10988592, upload-time = "2026-04-16T18:46:00.742Z" },
    { url = "https://files.pythonhosted.org/packages/03/71/850b1d6ffa9564fbb6740429bad53df1094082fe515c8c1e74b6d8d05f18/ruff-0.15.11-py3-none-macosx_11_0_arm64.whl", hash = "sha256:d4176f3d194afbdaee6e41b9ccb1a2c287dba8700047df474abfbe773825d1cb", size = 10338501, upload-time = "2026-04-16T18:46:03.723Z" },
    { url = "https://files.pythonhosted.org/packages/f2/11/cc1284d3e298c45a817a6aadb6c3e1d70b45c9b36d8d9cce3387b495a03a/ruff-0.15.11-py3-none-manylinux_2_17_aarch64.manylinux2014_aarch64.whl", hash = "sha256:3b17c886fb88203ced3afe7f14e8d5ae96e9d2f4ccc0ee66aa19f2c2675a27e4", size = 10670693, upload-time = "2026-04-16T18:46:41.941Z" },
    { url = "https://files.pythonhosted.org/packages/ce/9e/f8288b034ab72b371513c13f9a41d9ba3effac54e24bfb467b007daee2ca/ruff-0.15.11-py3-none-manylinux_2_17_armv7l.manylinux2014_armv7l.whl", hash = "sha256:49fafa220220afe7758a487b048de4c8f9f767f37dfefad46b9dd06759d003eb", size = 10416177, upload-time = "2026-04-16T18:46:21.717Z" },
    { url = "https://files.pythonhosted.org/packages/85/71/504d79abfd3d92532ba6bbe3d1c19fada03e494332a59e37c7c2dabae427/ruff-0.15.11-py3-none-manylinux_2_17_i686.manylinux2014_i686.whl", hash = "sha256:f2ab8427e74a00d93b8bda1307b1e60970d40f304af38bccb218e056c220120d", size = 11221886, upload-time = "2026-04-16T18:46:15.086Z" },
    { url = "https://files.pythonhosted.org/packages/43/5a/947e6ab7a5ad603d65b474be15a4cbc6d29832db5d762cd142e4e3a74164/ruff-0.15.11-py3-none-manylinux_2_17_ppc64le.manylinux2014_ppc64le.whl", hash = "sha256:195072c0c8e1fc8f940652073df082e37a5d9cb43b4ab1e4d0566ab8977a13b7", size = 12075183, upload-time = "2026-04-16T18:46:07.944Z" },
    { url = "https://files.pythonhosted.org/packages/9f/a1/0b7bb6268775fdd3a0818aee8efd8f5b4e231d24dd4d528ced2534023182/ruff-0.15.11-py3-none-manylinux_2_17_s390x.manylinux2014_s390x.whl", hash = "sha256:a3a0996d486af3920dec930a2e7daed4847dfc12649b537a9335585ada163e9e", size = 11516575, upload-time = "2026-04-16T18:46:31.687Z" },
    { url = "https://files.pythonhosted.org/packages/30/c3/bb5168fc4d233cc06e95f482770d0f3c87945a0cd9f614b90ea8dc2f2833/ruff-0.15.11-py3-none-manylinux_2_17_x86_64.manylinux2014_x86_64.whl", hash = "sha256:1bef2cb556d509259f1fe440bb9cd33c756222cf0a7afe90d15edf0866702431", size = 11306537, upload-time = "2026-04-16T18:46:36.988Z" },
    { url = "https://files.pythonhosted.org/packages/e4/92/4cfae6441f3967317946f3b788136eecf093729b94d6561f963ed810c82e/ruff-0.15.11-py3-none-manylinux_2_31_riscv64.whl", hash = "sha256:030d921a836d7d4a12cf6e8d984a88b66094ccb0e0f17ddd55067c331191bf19", size = 11296813, upload-time = "2026-04-16T18:46:24.182Z" },
    { url = "https://files.pythonhosted.org/packages/43/26/972784c5dde8313acde8ac71ba8ac65475b85db4a2352a76c9934361f9bc/ruff-0.15.11-py3-none-musllinux_1_2_aarch64.whl", hash = "sha256:0e783b599b4577788dbbb66b9addcef87e9a8832f4ce0c19e34bf55543a2f890", size = 10633136, upload-time = "2026-04-16T18:46:39.802Z" },
    { url = "https://files.pythonhosted.org/packages/5b/53/3985a4f185020c2f367f2e08a103032e12564829742a1b417980ce1514a0/ruff-0.15.11-py3-none-musllinux_1_2_armv7l.whl", hash = "sha256:ae90592246625ba4a34349d68ec28d4400d75182b71baa196ddb9f82db025ef5", size = 10424701, upload-time = "2026-04-16T18:46:10.381Z" },
    { url = "https://files.pythonhosted.org/packages/d3/57/bf0dfb32241b56c83bb663a826133da4bf17f682ba8c096973065f6e6a68/ruff-0.15.11-py3-none-musllinux_1_2_i686.whl", hash = "sha256:1f111d62e3c983ed20e0ca2e800f8d77433a5b1161947df99a5c2a3fb60514f0", size = 10873887, upload-time = "2026-04-16T18:46:29.157Z" },
    { url = "https://files.pythonhosted.org/packages/02/05/e48076b2a57dc33ee8c7a957296f97c744ca891a8ffb4ffb1aaa3b3f517d/ruff-0.15.11-py3-none-musllinux_1_2_x86_64.whl", hash = "sha256:06f483d6646f59eaffba9ae30956370d3a886625f511a3108994000480621d1c", size = 11404316, upload-time = "2026-04-16T18:46:19.462Z" },
    { url = "https://files.pythonhosted.org/packages/88/27/0195d15fe7a897cbcba0904792c4b7c9fdd958456c3a17d2ea6093716a9a/ruff-0.15.11-py3-none-win32.whl", hash = "sha256:476a2aa56b7da0b73a3ee80b6b2f0e19cce544245479adde7baa65466664d5f3", size = 10655535, upload-time = "2026-04-16T18:46:12.47Z" },
    { url = "https://files.pythonhosted.org/packages/3a/5e/c927b325bd4c1d3620211a4b96f47864633199feed60fa936025ab27e090/ruff-0.15.11-py3-none-win_amd64.whl", hash = "sha256:8b6756d88d7e234fb0c98c91511aae3cd519d5e3ed271cae31b20f39cb2a12a3", size = 11779692, upload-time = "2026-04-16T18:46:17.268Z" },
    { url = "https://files.pythonhosted.org/packages/63/b6/aeadee5443e49baa2facd51131159fd6301cc4ccfc1541e4df7b021c37dd/ruff-0.15.11-py3-none-win_arm64.whl", hash = "sha256:063fed18cc1bbe0ee7393957284a6fe8b588c6a406a285af3ee3f46da2391ee4", size = 11032614, upload-time = "2026-04-16T18:46:34.487Z" },
]

[[package]]
name = "sniffio"
version = "1.3.1"
source = { registry = "https://pypi.org/simple" }
sdist = { url = "https://files.pythonhosted.org/packages/a2/87/a6771e1546d97e7e041b6ae58d80074f81b7d5121207425c964ddf5cfdbd/sniffio-1.3.1.tar.gz", hash = "sha256:f4324edc670a0f49750a81b895f35c3adb843cca46f0530f79fc1babb23789dc", size = 20372, upload-time = "2024-02-25T23:20:04.057Z" }
wheels = [
    { url = "https://files.pythonhosted.org/packages/e9/44/75a9c9421471a6c4805dbf2356f7c181a29c1879239abab1ea2cc8f38b40/sniffio-1.3.1-py3-none-any.whl", hash = "sha256:2f6da418d1f1e0fddd844478f41680e794e6051915791a034ff65e5f100525a2", size = 10235, upload-time = "2024-02-25T23:20:01.196Z" },
]

[[package]]
name = "typing-extensions"
version = "4.15.0"
source = { registry = "https://pypi.org/simple" }
sdist = { url = "https://files.pythonhosted.org/packages/72/94/1a15dd82efb362ac84269196e94cf00f187f7ed21c242792a923cdb1c61f/typing_extensions-4.15.0.tar.gz", hash = "sha256:0cea48d173cc12fa28ecabc3b837ea3cf6f38c6d1136f85cbaaf598984861466", size = 109391, upload-time = "2025-08-25T13:49:26.313Z" }
wheels = [
    { url = "https://files.pythonhosted.org/packages/18/67/36e9267722cc04a6b9f15c7f3441c2363321a3ea07da7ae0c0707beb2a9c/typing_extensions-4.15.0-py3-none-any.whl", hash = "sha256:f0fa19c6845758ab08074a0cfa8b7aecb71c999ca73d62883bc25cc018c4e548", size = 44614, upload-time = "2025-08-25T13:49:24.86Z" },
]

[[package]]
name = "typing-inspection"
version = "0.4.2"
source = { registry = "https://pypi.org/simple" }
dependencies = [
    { name = "typing-extensions" },
]
sdist = { url = "https://files.pythonhosted.org/packages/55/e3/70399cb7dd41c10ac53367ae42139cf4b1ca5f36bb3dc6c9d33acdb43655/typing_inspection-0.4.2.tar.gz", hash = "sha256:ba561c48a67c5958007083d386c3295464928b01faa735ab8547c5692e87f464", size = 75949, upload-time = "2025-10-01T02:14:41.687Z" }
wheels = [
    { url = "https://files.pythonhosted.org/packages/dc/9b/47798a6c91d8bdb567fe2698fe81e0c6b7cb7ef4d13da4114b41d239f65d/typing_inspection-0.4.2-py3-none-any.whl", hash = "sha256:4ed1cacbdc298c220f1bd249ed5287caa16f34d44ef4e9c3d0cbad5b521545e7", size = 14611, upload-time = "2025-10-01T02:14:40.154Z" },
]
